// !$*UTF8*$!
{
	archiveVersion = 1;
	classes = {
	};
	objectVersion = 50;
	objects = {

/* Begin PBXBuildFile section */
		1A61083020D355D900A6D08D /* AppDelegate.swift in Sources */ = {isa = PBXBuildFile; fileRef = 1A61082F20D355D900A6D08D /* AppDelegate.swift */; };
		1A61083220D355D900A6D08D /* GameScene.sks in Resources */ = {isa = PBXBuildFile; fileRef = 1A61083120D355D900A6D08D /* GameScene.sks */; };
		1A61083620D355D900A6D08D /* GameScene.swift in Sources */ = {isa = PBXBuildFile; fileRef = 1A61083520D355D900A6D08D /* GameScene.swift */; };
		1A61083820D355D900A6D08D /* GameViewController.swift in Sources */ = {isa = PBXBuildFile; fileRef = 1A61083720D355D900A6D08D /* GameViewController.swift */; };
		1A61083B20D355D900A6D08D /* Main.storyboard in Resources */ = {isa = PBXBuildFile; fileRef = 1A61083920D355D900A6D08D /* Main.storyboard */; };
		1A61083D20D355DD00A6D08D /* Assets.xcassets in Resources */ = {isa = PBXBuildFile; fileRef = 1A61083C20D355DD00A6D08D /* Assets.xcassets */; };
		1A61084020D355DD00A6D08D /* LaunchScreen.storyboard in Resources */ = {isa = PBXBuildFile; fileRef = 1A61083E20D355DD00A6D08D /* LaunchScreen.storyboard */; };
		1A61084820D359E700A6D08D /* BirdTileSet.sks in Resources */ = {isa = PBXBuildFile; fileRef = 1A61084720D359E700A6D08D /* BirdTileSet.sks */; };
		1A61085720D4574800A6D08D /* GameCamera.swift in Sources */ = {isa = PBXBuildFile; fileRef = 1A61085620D4574800A6D08D /* GameCamera.swift */; };
		1A6BB08E20D4750100DDE924 /* Configuration.swift in Sources */ = {isa = PBXBuildFile; fileRef = 1A6BB08D20D4750100DDE924 /* Configuration.swift */; };
/* End PBXBuildFile section */

/* Begin PBXFileReference section */
		1A61082C20D355D900A6D08D /* Birds.app */ = {isa = PBXFileReference; explicitFileType = wrapper.application; includeInIndex = 0; path = Birds.app; sourceTree = BUILT_PRODUCTS_DIR; };
		1A61082F20D355D900A6D08D /* AppDelegate.swift */ = {isa = PBXFileReference; lastKnownFileType = sourcecode.swift; path = AppDelegate.swift; sourceTree = "<group>"; };
		1A61083120D355D900A6D08D /* GameScene.sks */ = {isa = PBXFileReference; lastKnownFileType = file.sks; path = GameScene.sks; sourceTree = "<group>"; };
		1A61083520D355D900A6D08D /* GameScene.swift */ = {isa = PBXFileReference; lastKnownFileType = sourcecode.swift; path = GameScene.swift; sourceTree = "<group>"; };
		1A61083720D355D900A6D08D /* GameViewController.swift */ = {isa = PBXFileReference; lastKnownFileType = sourcecode.swift; path = GameViewController.swift; sourceTree = "<group>"; };
		1A61083A20D355D900A6D08D /* Base */ = {isa = PBXFileReference; lastKnownFileType = file.storyboard; name = Base; path = Base.lproj/Main.storyboard; sourceTree = "<group>"; };
		1A61083C20D355DD00A6D08D /* Assets.xcassets */ = {isa = PBXFileReference; lastKnownFileType = folder.assetcatalog; path = Assets.xcassets; sourceTree = "<group>"; };
		1A61083F20D355DD00A6D08D /* Base */ = {isa = PBXFileReference; lastKnownFileType = file.storyboard; name = Base; path = Base.lproj/LaunchScreen.storyboard; sourceTree = "<group>"; };
		1A61084120D355DD00A6D08D /* Info.plist */ = {isa = PBXFileReference; lastKnownFileType = text.plist.xml; path = Info.plist; sourceTree = "<group>"; };
		1A61084720D359E700A6D08D /* BirdTileSet.sks */ = {isa = PBXFileReference; lastKnownFileType = file.sks; path = BirdTileSet.sks; sourceTree = "<group>"; };
		1A61085620D4574800A6D08D /* GameCamera.swift */ = {isa = PBXFileReference; lastKnownFileType = sourcecode.swift; path = GameCamera.swift; sourceTree = "<group>"; };
		1A6BB08D20D4750100DDE924 /* Configuration.swift */ = {isa = PBXFileReference; lastKnownFileType = sourcecode.swift; path = Configuration.swift; sourceTree = "<group>"; };
/* End PBXFileReference section */

/* Begin PBXFrameworksBuildPhase section */
		1A61082920D355D900A6D08D /* Frameworks */ = {
			isa = PBXFrameworksBuildPhase;
			buildActionMask = 2147483647;
			files = (
			);
			runOnlyForDeploymentPostprocessing = 0;
		};
/* End PBXFrameworksBuildPhase section */

/* Begin PBXGroup section */
		1A61082320D355D900A6D08D = {
			isa = PBXGroup;
			children = (
				1A61082E20D355D900A6D08D /* Birds */,
				1A61082D20D355D900A6D08D /* Products */,
			);
			sourceTree = "<group>";
		};
		1A61082D20D355D900A6D08D /* Products */ = {
			isa = PBXGroup;
			children = (
				1A61082C20D355D900A6D08D /* Birds.app */,
			);
			name = Products;
			sourceTree = "<group>";
		};
		1A61082E20D355D900A6D08D /* Birds */ = {
			isa = PBXGroup;
			children = (
				1A61085520D4571200A6D08D /* Custom Nodes */,
				1A61085420D35F8B00A6D08D /* TileSets */,
				1A61084E20D35ED800A6D08D /* UI */,
				1A61085020D35F1300A6D08D /* Scene */,
				1A61084B20D35E9B00A6D08D /* VC */,
				1A61085320D35F5900A6D08D /* Template */,
			);
			path = Birds;
			sourceTree = "<group>";
		};
		1A61084B20D35E9B00A6D08D /* VC */ = {
			isa = PBXGroup;
			children = (
				1A61083720D355D900A6D08D /* GameViewController.swift */,
			);
			name = VC;
			sourceTree = "<group>";
		};
		1A61084E20D35ED800A6D08D /* UI */ = {
			isa = PBXGroup;
			children = (
				1A61083920D355D900A6D08D /* Main.storyboard */,
				1A61083C20D355DD00A6D08D /* Assets.xcassets */,
				1A61083E20D355DD00A6D08D /* LaunchScreen.storyboard */,
			);
			name = UI;
			sourceTree = "<group>";
		};
		1A61085020D35F1300A6D08D /* Scene */ = {
			isa = PBXGroup;
			children = (
				1A61083120D355D900A6D08D /* GameScene.sks */,
				1A61083520D355D900A6D08D /* GameScene.swift */,
			);
			name = Scene;
			sourceTree = "<group>";
		};
		1A61085320D35F5900A6D08D /* Template */ = {
			isa = PBXGroup;
			children = (
				1A61082F20D355D900A6D08D /* AppDelegate.swift */,
				1A6BB08D20D4750100DDE924 /* Configuration.swift */,
				1A61084120D355DD00A6D08D /* Info.plist */,
			);
			name = Template;
			sourceTree = "<group>";
		};
		1A61085420D35F8B00A6D08D /* TileSets */ = {
			isa = PBXGroup;
			children = (
				1A61084720D359E700A6D08D /* BirdTileSet.sks */,
			);
			name = TileSets;
			sourceTree = "<group>";
		};
		1A61085520D4571200A6D08D /* Custom Nodes */ = {
			isa = PBXGroup;
			children = (
				1A61085620D4574800A6D08D /* GameCamera.swift */,
			);
			name = "Custom Nodes";
			sourceTree = "<group>";
		};
/* End PBXGroup section */

/* Begin PBXNativeTarget section */
		1A61082B20D355D900A6D08D /* Birds */ = {
			isa = PBXNativeTarget;
			buildConfigurationList = 1A61084420D355DD00A6D08D /* Build configuration list for PBXNativeTarget "Birds" */;
			buildPhases = (
				1A61082820D355D900A6D08D /* Sources */,
				1A61082920D355D900A6D08D /* Frameworks */,
				1A61082A20D355D900A6D08D /* Resources */,
			);
			buildRules = (
			);
			dependencies = (
			);
			name = Birds;
			productName = Birds;
			productReference = 1A61082C20D355D900A6D08D /* Birds.app */;
			productType = "com.apple.product-type.application";
		};
/* End PBXNativeTarget section */

/* Begin PBXProject section */
		1A61082420D355D900A6D08D /* Project object */ = {
			isa = PBXProject;
			attributes = {
				LastSwiftUpdateCheck = 0940;
				LastUpgradeCheck = 0940;
				ORGANIZATIONNAME = "胡洞明";
				TargetAttributes = {
					1A61082B20D355D900A6D08D = {
						CreatedOnToolsVersion = 9.4;
					};
				};
			};
			buildConfigurationList = 1A61082720D355D900A6D08D /* Build configuration list for PBXProject "Birds" */;
			compatibilityVersion = "Xcode 9.3";
			developmentRegion = en;
			hasScannedForEncodings = 0;
			knownRegions = (
				en,
				Base,
			);
			mainGroup = 1A61082320D355D900A6D08D;
			productRefGroup = 1A61082D20D355D900A6D08D /* Products */;
			projectDirPath = "";
			projectRoot = "";
			targets = (
				1A61082B20D355D900A6D08D /* Birds */,
			);
		};
/* End PBXProject section */

/* Begin PBXResourcesBuildPhase section */
		1A61082A20D355D900A6D08D /* Resources */ = {
			isa = PBXResourcesBuildPhase;
			buildActionMask = 2147483647;
			files = (
				1A61084820D359E700A6D08D /* BirdTileSet.sks in Resources */,
				1A61083B20D355D900A6D08D /* Main.storyboard in Resources */,
				1A61083220D355D900A6D08D /* GameScene.sks in Resources */,
				1A61083D20D355DD00A6D08D /* Assets.xcassets in Resources */,
				1A61084020D355DD00A6D08D /* LaunchScreen.storyboard in Resources */,
			);
			runOnlyForDeploymentPostprocessing = 0;
		};
/* End PBXResourcesBuildPhase section */

/* Begin PBXSourcesBuildPhase section */
		1A61082820D355D900A6D08D /* Sources */ = {
			isa = PBXSourcesBuildPhase;
			buildActionMask = 2147483647;
			files = (
				1A61083620D355D900A6D08D /* GameScene.swift in Sources */,
				1A6BB08E20D4750100DDE924 /* Configuration.swift in Sources */,
				1A61083820D355D900A6D08D /* GameViewController.swift in Sources */,
				1A61085720D4574800A6D08D /* GameCamera.swift in Sources */,
				1A61083020D355D900A6D08D /* AppDelegate.swift in Sources */,
			);
			runOnlyForDeploymentPostprocessing = 0;
		};
/* End PBXSourcesBuildPhase section */

/* Begin PBXVariantGroup section */
		1A61083920D355D900A6D08D /* Main.storyboard */ = {
			isa = PBXVariantGroup;
			children = (
				1A61083A20D355D900A6D08D /* Base */,
			);
			name = Main.storyboard;
			sourceTree = "<group>";
		};
		1A61083E20D355DD00A6D08D /* LaunchScreen.storyboard */ = {
			isa = PBXVariantGroup;
			children = (
				1A61083F20D355DD00A6D08D /* Base */,
			);
			name = LaunchScreen.storyboard;
			sourceTree = "<group>";
		};
/* End PBXVariantGroup section */

/* Begin XCBuildConfiguration section */
		1A61084220D355DD00A6D08D /* Debug */ = {
			isa = XCBuildConfiguration;
			buildSettings = {
				ALWAYS_SEARCH_USER_PATHS = NO;
				CLANG_ANALYZER_NONNULL = YES;
				CLANG_ANALYZER_NUMBER_OBJECT_CONVERSION = YES_AGGRESSIVE;
				CLANG_CXX_LANGUAGE_STANDARD = "gnu++14";
				CLANG_CXX_LIBRARY = "libc++";
				CLANG_ENABLE_MODULES = YES;
				CLANG_ENABLE_OBJC_ARC = YES;
				CLANG_ENABLE_OBJC_WEAK = YES;
				CLANG_WARN_BLOCK_CAPTURE_AUTORELEASING = YES;
				CLANG_WARN_BOOL_CONVERSION = YES;
				CLANG_WARN_COMMA = YES;
				CLANG_WARN_CONSTANT_CONVERSION = YES;
				CLANG_WARN_DEPRECATED_OBJC_IMPLEMENTATIONS = YES;
				CLANG_WARN_DIRECT_OBJC_ISA_USAGE = YES_ERROR;
				CLANG_WARN_DOCUMENTATION_COMMENTS = YES;
				CLANG_WARN_EMPTY_BODY = YES;
				CLANG_WARN_ENUM_CONVERSION = YES;
				CLANG_WARN_INFINITE_RECURSION = YES;
				CLANG_WARN_INT_CONVERSION = YES;
				CLANG_WARN_NON_LITERAL_NULL_CONVERSION = YES;
				CLANG_WARN_OBJC_IMPLICIT_RETAIN_SELF = YES;
				CLANG_WARN_OBJC_LITERAL_CONVERSION = YES;
				CLANG_WARN_OBJC_ROOT_CLASS = YES_ERROR;
				CLANG_WARN_RANGE_LOOP_ANALYSIS = YES;
				CLANG_WARN_STRICT_PROTOTYPES = YES;
				CLANG_WARN_SUSPICIOUS_MOVE = YES;
				CLANG_WARN_UNGUARDED_AVAILABILITY = YES_AGGRESSIVE;
				CLANG_WARN_UNREACHABLE_CODE = YES;
				CLANG_WARN__DUPLICATE_METHOD_MATCH = YES;
				CODE_SIGN_IDENTITY = "iPhone Developer";
				COPY_PHASE_STRIP = NO;
				DEBUG_INFORMATION_FORMAT = dwarf;
				ENABLE_STRICT_OBJC_MSGSEND = YES;
				ENABLE_TESTABILITY = YES;
				GCC_C_LANGUAGE_STANDARD = gnu11;
				GCC_DYNAMIC_NO_PIC = NO;
				GCC_NO_COMMON_BLOCKS = YES;
				GCC_OPTIMIZATION_LEVEL = 0;
				GCC_PREPROCESSOR_DEFINITIONS = (
					"DEBUG=1",
					"$(inherited)",
				);
				GCC_WARN_64_TO_32_BIT_CONVERSION = YES;
				GCC_WARN_ABOUT_RETURN_TYPE = YES_ERROR;
				GCC_WARN_UNDECLARED_SELECTOR = YES;
				GCC_WARN_UNINITIALIZED_AUTOS = YES_AGGRESSIVE;
				GCC_WARN_UNUSED_FUNCTION = YES;
				GCC_WARN_UNUSED_VARIABLE = YES;
				IPHONEOS_DEPLOYMENT_TARGET = 11.4;
				MTL_ENABLE_DEBUG_INFO = YES;
				ONLY_ACTIVE_ARCH = YES;
				SDKROOT = iphoneos;
				SWIFT_ACTIVE_COMPILATION_CONDITIONS = DEBUG;
				SWIFT_OPTIMIZATION_LEVEL = "-Onone";
			};
			name = Debug;
		};
		1A61084320D355DD00A6D08D /* Release */ = {
			isa = XCBuildConfiguration;
			buildSettings = {
				ALWAYS_SEARCH_USER_PATHS = NO;
				CLANG_ANALYZER_NONNULL = YES;
				CLANG_ANALYZER_NUMBER_OBJECT_CONVERSION = YES_AGGRESSIVE;
				CLANG_CXX_LANGUAGE_STANDARD = "gnu++14";
				CLANG_CXX_LIBRARY = "libc++";
				CLANG_ENABLE_MODULES = YES;
				CLANG_ENABLE_OBJC_ARC = YES;
				CLANG_ENABLE_OBJC_WEAK = YES;
				CLANG_WARN_BLOCK_CAPTURE_AUTORELEASING = YES;
				CLANG_WARN_BOOL_CONVERSION = YES;
				CLANG_WARN_COMMA = YES;
				CLANG_WARN_CONSTANT_CONVERSION = YES;
				CLANG_WARN_DEPRECATED_OBJC_IMPLEMENTATIONS = YES;
				CLANG_WARN_DIRECT_OBJC_ISA_USAGE = YES_ERROR;
				CLANG_WARN_DOCUMENTATION_COMMENTS = YES;
				CLANG_WARN_EMPTY_BODY = YES;
				CLANG_WARN_ENUM_CONVERSION = YES;
				CLANG_WARN_INFINITE_RECURSION = YES;
				CLANG_WARN_INT_CONVERSION = YES;
				CLANG_WARN_NON_LITERAL_NULL_CONVERSION = YES;
				CLANG_WARN_OBJC_IMPLICIT_RETAIN_SELF = YES;
				CLANG_WARN_OBJC_LITERAL_CONVERSION = YES;
				CLANG_WARN_OBJC_ROOT_CLASS = YES_ERROR;
				CLANG_WARN_RANGE_LOOP_ANALYSIS = YES;
				CLANG_WARN_STRICT_PROTOTYPES = YES;
				CLANG_WARN_SUSPICIOUS_MOVE = YES;
				CLANG_WARN_UNGUARDED_AVAILABILITY = YES_AGGRESSIVE;
				CLANG_WARN_UNREACHABLE_CODE = YES;
				CLANG_WARN__DUPLICATE_METHOD_MATCH = YES;
				CODE_SIGN_IDENTITY = "iPhone Developer";
				COPY_PHASE_STRIP = NO;
				DEBUG_INFORMATION_FORMAT = "dwarf-with-dsym";
				ENABLE_NS_ASSERTIONS = NO;
				ENABLE_STRICT_OBJC_MSGSEND = YES;
				GCC_C_LANGUAGE_STANDARD = gnu11;
				GCC_NO_COMMON_BLOCKS = YES;
				GCC_WARN_64_TO_32_BIT_CONVERSION = YES;
				GCC_WARN_ABOUT_RETURN_TYPE = YES_ERROR;
				GCC_WARN_UNDECLARED_SELECTOR = YES;
				GCC_WARN_UNINITIALIZED_AUTOS = YES_AGGRESSIVE;
				GCC_WARN_UNUSED_FUNCTION = YES;
				GCC_WARN_UNUSED_VARIABLE = YES;
				IPHONEOS_DEPLOYMENT_TARGET = 11.4;
				MTL_ENABLE_DEBUG_INFO = NO;
				SDKROOT = iphoneos;
				SWIFT_COMPILATION_MODE = wholemodule;
				SWIFT_OPTIMIZATION_LEVEL = "-O";
				VALIDATE_PRODUCT = YES;
			};
			name = Release;
		};
		1A61084520D355DD00A6D08D /* Debug */ = {
			isa = XCBuildConfiguration;
			buildSettings = {
				ASSETCATALOG_COMPILER_APPICON_NAME = AppIcon;
				CODE_SIGN_STYLE = Automatic;
				DEVELOPMENT_TEAM = V7VTWWGQ56;
				INFOPLIST_FILE = Birds/Info.plist;
				LD_RUNPATH_SEARCH_PATHS = (
					"$(inherited)",
					"@executable_path/Frameworks",
				);
				PRODUCT_BUNDLE_IDENTIFIER = shuizhongriyue.Birds;
				PRODUCT_NAME = "$(TARGET_NAME)";
				SWIFT_VERSION = 4.0;
				TARGETED_DEVICE_FAMILY = "1,2";
			};
			name = Debug;
		};
		1A61084620D355DD00A6D08D /* Release */ = {
			isa = XCBuildConfiguration;
			buildSettings = {
				ASSETCATALOG_COMPILER_APPICON_NAME = AppIcon;
				CODE_SIGN_STYLE = Automatic;
				DEVELOPMENT_TEAM = V7VTWWGQ56;
				INFOPLIST_FILE = Birds/Info.plist;
				LD_RUNPATH_SEARCH_PATHS = (
					"$(inherited)",
					"@executable_path/Frameworks",
				);
				PRODUCT_BUNDLE_IDENTIFIER = shuizhongriyue.Birds;
				PRODUCT_NAME = "$(TARGET_NAME)";
				SWIFT_VERSION = 4.0;
				TARGETED_DEVICE_FAMILY = "1,2";
			};
			name = Release;
		};
/* End XCBuildConfiguration section */

/* Begin XCConfigurationList section */
		1A61082720D355D900A6D08D /* Build configuration list for PBXProject "Birds" */ = {
			isa = XCConfigurationList;
			buildConfigurations = (
				1A61084220D355DD00A6D08D /* Debug */,
				1A61084320D355DD00A6D08D /* Release */,
			);
			defaultConfigurationIsVisible = 0;
			defaultConfigurationName = Release;
		};
		1A61084420D355DD00A6D08D /* Build configuration list for PBXNativeTarget "Birds" */ = {
			isa = XCConfigurationList;
			buildConfigurations = (
				1A61084520D355DD00A6D08D /* Debug */,
				1A61084620D355DD00A6D08D /* Release */,
			);
			defaultConfigurationIsVisible = 0;
			defaultConfigurationName = Release;
		};
/* End XCConfigurationList section */
	};
	rootObject = 1A61082420D355D900A6D08D /* Project object */;
}
